
Microsoft Visual Studio Solution File, Format Version 12.00
# Visual Studio Version 17
VisualStudioVersion = 17.12.35707.178 d17.12
MinimumVisualStudioVersion = 10.0.40219.1
Project("{FAE04EC0-301F-11D3-BF4B-00C04F79EFBC}") = "Task3_1", "Task3_1\Task3_1.csproj", "{BBD87D60-E67A-4892-BF8A-16A8B89C37AB}"
EndProject
Project("{FAE04EC0-301F-11D3-BF4B-00C04F79EFBC}") = "Task3_2", "Task3_2\Task3_2.csproj", "{79F1858B-8540-4142-927E-8B6CC201CEAC}"
EndProject
Project("{FAE04EC0-301F-11D3-BF4B-00C04F79EFBC}") = "Task3_3", "Task3_3\Task3_3.csproj", "{C9907C0C-E4D2-4362-8D09-C5D013684CD9}"
EndProject
Project("{FAE04EC0-301F-11D3-BF4B-00C04F79EFBC}") = "Task3_4", "Task3_4\Task3_4.csproj", "{88818797-7986-421B-BCEE-A6E53F5A4CBA}"
EndProject
Project("{FAE04EC0-301F-11D3-BF4B-00C04F79EFBC}") = "Task3_5", "Task3_5\Task3_5.csproj", "{C283EF09-C549-47D5-9B18-1BC7A63385B0}"
EndProject
Project("{FAE04EC0-301F-11D3-BF4B-00C04F79EFBC}") = "Task3_6", "Task3_6\Task3_6.csproj", "{A0607741-BEB4-4594-A1EB-51AE0D0BC6FC}"
EndProject
Project("{FAE04EC0-301F-11D3-BF4B-00C04F79EFBC}") = "Task3_7", "Task3_7\Task3_7.csproj", "{8EEDE6D4-DAA6-4298-BF8C-061B62CC102D}"
EndProject
Project("{FAE04EC0-301F-11D3-BF4B-00C04F79EFBC}") = "Task3_8", "Task3_8\Task3_8.csproj", "{DB8F4D31-AE95-40FE-8060-6265F6F70EC6}"
EndProject
Project("{FAE04EC0-301F-11D3-BF4B-00C04F79EFBC}") = "Task3_9", "Task3_9\Task3_9.csproj", "{615CB214-18C4-4475-BFB1-30D0B25A6E42}"
EndProject
Project("{FAE04EC0-301F-11D3-BF4B-00C04F79EFBC}") = "Task3_10", "Task3_10\Task3_10.csproj", "{05686E45-9389-49F4-8B2B-E0BC79FE4FEC}"
EndProject
Project("{FAE04EC0-301F-11D3-BF4B-00C04F79EFBC}") = "Task3_11", "Task3_11\Task3_11.csproj", "{989049C1-62F4-45DB-AAA7-4ACD10A34ED5}"
EndProject
Project("{FAE04EC0-301F-11D3-BF4B-00C04F79EFBC}") = "Task3_12", "Task3_12\Task3_12.csproj", "{0093FB32-9E5B-4631-A52C-C4E6FF56B8E5}"
EndProject
Global
	GlobalSection(SolutionConfigurationPlatforms) = preSolution
		Debug|Any CPU = Debug|Any CPU
		Release|Any CPU = Release|Any CPU
	EndGlobalSection
	GlobalSection(ProjectConfigurationPlatforms) = postSolution
		{BBD87D60-E67A-4892-BF8A-16A8B89C37AB}.Debug|Any CPU.ActiveCfg = Debug|Any CPU
		{BBD87D60-E67A-4892-BF8A-16A8B89C37AB}.Debug|Any CPU.Build.0 = Debug|Any CPU
		{BBD87D60-E67A-4892-BF8A-16A8B89C37AB}.Release|Any CPU.ActiveCfg = Release|Any CPU
		{BBD87D60-E67A-4892-BF8A-16A8B89C37AB}.Release|Any CPU.Build.0 = Release|Any CPU
		{79F1858B-8540-4142-927E-8B6CC201CEAC}.Debug|Any CPU.ActiveCfg = Debug|Any CPU
		{79F1858B-8540-4142-927E-8B6CC201CEAC}.Debug|Any CPU.Build.0 = Debug|Any CPU
		{79F1858B-8540-4142-927E-8B6CC201CEAC}.Release|Any CPU.ActiveCfg = Release|Any CPU
		{79F1858B-8540-4142-927E-8B6CC201CEAC}.Release|Any CPU.Build.0 = Release|Any CPU
		{C9907C0C-E4D2-4362-8D09-C5D013684CD9}.Debug|Any CPU.ActiveCfg = Debug|Any CPU
		{C9907C0C-E4D2-4362-8D09-C5D013684CD9}.Debug|Any CPU.Build.0 = Debug|Any CPU
		{C9907C0C-E4D2-4362-8D09-C5D013684CD9}.Release|Any CPU.ActiveCfg = Release|Any CPU
		{C9907C0C-E4D2-4362-8D09-C5D013684CD9}.Release|Any CPU.Build.0 = Release|Any CPU
		{88818797-7986-421B-BCEE-A6E53F5A4CBA}.Debug|Any CPU.ActiveCfg = Debug|Any CPU
		{88818797-7986-421B-BCEE-A6E53F5A4CBA}.Debug|Any CPU.Build.0 = Debug|Any CPU
		{88818797-7986-421B-BCEE-A6E53F5A4CBA}.Release|Any CPU.ActiveCfg = Release|Any CPU
		{88818797-7986-421B-BCEE-A6E53F5A4CBA}.Release|Any CPU.Build.0 = Release|Any CPU
		{C283EF09-C549-47D5-9B18-1BC7A63385B0}.Debug|Any CPU.ActiveCfg = Debug|Any CPU
		{C283EF09-C549-47D5-9B18-1BC7A63385B0}.Debug|Any CPU.Build.0 = Debug|Any CPU
		{C283EF09-C549-47D5-9B18-1BC7A63385B0}.Release|Any CPU.ActiveCfg = Release|Any CPU
		{C283EF09-C549-47D5-9B18-1BC7A63385B0}.Release|Any CPU.Build.0 = Release|Any CPU
		{A0607741-BEB4-4594-A1EB-51AE0D0BC6FC}.Debug|Any CPU.ActiveCfg = Debug|Any CPU
		{A0607741-BEB4-4594-A1EB-51AE0D0BC6FC}.Debug|Any CPU.Build.0 = Debug|Any CPU
		{A0607741-BEB4-4594-A1EB-51AE0D0BC6FC}.Release|Any CPU.ActiveCfg = Release|Any CPU
		{A0607741-BEB4-4594-A1EB-51AE0D0BC6FC}.Release|Any CPU.Build.0 = Release|Any CPU
		{8EEDE6D4-DAA6-4298-BF8C-061B62CC102D}.Debug|Any CPU.ActiveCfg = Debug|Any CPU
		{8EEDE6D4-DAA6-4298-BF8C-061B62CC102D}.Debug|Any CPU.Build.0 = Debug|Any CPU
		{8EEDE6D4-DAA6-4298-BF8C-061B62CC102D}.Release|Any CPU.ActiveCfg = Release|Any CPU
		{8EEDE6D4-DAA6-4298-BF8C-061B62CC102D}.Release|Any CPU.Build.0 = Release|Any CPU
		{DB8F4D31-AE95-40FE-8060-6265F6F70EC6}.Debug|Any CPU.ActiveCfg = Debug|Any CPU
		{DB8F4D31-AE95-40FE-8060-6265F6F70EC6}.Debug|Any CPU.Build.0 = Debug|Any CPU
		{DB8F4D31-AE95-40FE-8060-6265F6F70EC6}.Release|Any CPU.ActiveCfg = Release|Any CPU
		{DB8F4D31-AE95-40FE-8060-6265F6F70EC6}.Release|Any CPU.Build.0 = Release|Any CPU
		{615CB214-18C4-4475-BFB1-30D0B25A6E42}.Debug|Any CPU.ActiveCfg = Debug|Any CPU
		{615CB214-18C4-4475-BFB1-30D0B25A6E42}.Debug|Any CPU.Build.0 = Debug|Any CPU
		{615CB214-18C4-4475-BFB1-30D0B25A6E42}.Release|Any CPU.ActiveCfg = Release|Any CPU
		{615CB214-18C4-4475-BFB1-30D0B25A6E42}.Release|Any CPU.Build.0 = Release|Any CPU
		{05686E45-9389-49F4-8B2B-E0BC79FE4FEC}.Debug|Any CPU.ActiveCfg = Debug|Any CPU
		{05686E45-9389-49F4-8B2B-E0BC79FE4FEC}.Debug|Any CPU.Build.0 = Debug|Any CPU
		{05686E45-9389-49F4-8B2B-E0BC79FE4FEC}.Release|Any CPU.ActiveCfg = Release|Any CPU
		{05686E45-9389-49F4-8B2B-E0BC79FE4FEC}.Release|Any CPU.Build.0 = Release|Any CPU
		{989049C1-62F4-45DB-AAA7-4ACD10A34ED5}.Debug|Any CPU.ActiveCfg = Debug|Any CPU
		{989049C1-62F4-45DB-AAA7-4ACD10A34ED5}.Debug|Any CPU.Build.0 = Debug|Any CPU
		{989049C1-62F4-45DB-AAA7-4ACD10A34ED5}.Release|Any CPU.ActiveCfg = Release|Any CPU
		{989049C1-62F4-45DB-AAA7-4ACD10A34ED5}.Release|Any CPU.Build.0 = Release|Any CPU
		{0093FB32-9E5B-4631-A52C-C4E6FF56B8E5}.Debug|Any CPU.ActiveCfg = Debug|Any CPU
		{0093FB32-9E5B-4631-A52C-C4E6FF56B8E5}.Debug|Any CPU.Build.0 = Debug|Any CPU
		{0093FB32-9E5B-4631-A52C-C4E6FF56B8E5}.Release|Any CPU.ActiveCfg = Release|Any CPU
		{0093FB32-9E5B-4631-A52C-C4E6FF56B8E5}.Release|Any CPU.Build.0 = Release|Any CPU
	EndGlobalSection
	GlobalSection(SolutionProperties) = preSolution
		HideSolutionNode = FALSE
	EndGlobalSection
EndGlobal
